// !$*UTF8*$!
{
	archiveVersion = 1;
	classes = {
	};
	objectVersion = 55;
	objects = {

/* Begin PBXBuildFile section */
		66F3EA50277190C800DE2281 /* AppDelegate.swift in Sources */ = {isa = PBXBuildFile; fileRef = 66F3EA4F277190C800DE2281 /* AppDelegate.swift */; };
		66F3EA52277190C800DE2281 /* SceneDelegate.swift in Sources */ = {isa = PBXBuildFile; fileRef = 66F3EA51277190C800DE2281 /* SceneDelegate.swift */; };
		66F3EA54277190C800DE2281 /* ViewController.swift in Sources */ = {isa = PBXBuildFile; fileRef = 66F3EA53277190C800DE2281 /* ViewController.swift */; };
		66F3EA59277190CA00DE2281 /* Assets.xcassets in Resources */ = {isa = PBXBuildFile; fileRef = 66F3EA58277190CA00DE2281 /* Assets.xcassets */; };
		66F3EA5C277190CA00DE2281 /* LaunchScreen.storyboard in Resources */ = {isa = PBXBuildFile; fileRef = 66F3EA5A277190CA00DE2281 /* LaunchScreen.storyboard */; };
		66F3EA67277190CA00DE2281 /* ViewCode_Coordinator_TemplateTests.swift in Sources */ = {isa = PBXBuildFile; fileRef = 66F3EA66277190CA00DE2281 /* ViewCode_Coordinator_TemplateTests.swift */; };
		66F3EA71277190CB00DE2281 /* ViewCode_Coordinator_TemplateUITests.swift in Sources */ = {isa = PBXBuildFile; fileRef = 66F3EA70277190CB00DE2281 /* ViewCode_Coordinator_TemplateUITests.swift */; };
		66F3EA73277190CB00DE2281 /* ViewCode_Coordinator_TemplateUITestsLaunchTests.swift in Sources */ = {isa = PBXBuildFile; fileRef = 66F3EA72277190CB00DE2281 /* ViewCode_Coordinator_TemplateUITestsLaunchTests.swift */; };
		66F3EA80277191AF00DE2281 /* Coordinator.swift in Sources */ = {isa = PBXBuildFile; fileRef = 66F3EA7F277191AF00DE2281 /* Coordinator.swift */; };
/* End PBXBuildFile section */

/* Begin PBXContainerItemProxy section */
		66F3EA63277190CA00DE2281 /* PBXContainerItemProxy */ = {
			isa = PBXContainerItemProxy;
			containerPortal = 66F3EA44277190C800DE2281 /* Project object */;
			proxyType = 1;
			remoteGlobalIDString = 66F3EA4B277190C800DE2281;
			remoteInfo = "ViewCode Coordinator Template";
		};
		66F3EA6D277190CB00DE2281 /* PBXContainerItemProxy */ = {
			isa = PBXContainerItemProxy;
			containerPortal = 66F3EA44277190C800DE2281 /* Project object */;
			proxyType = 1;
			remoteGlobalIDString = 66F3EA4B277190C800DE2281;
			remoteInfo = "ViewCode Coordinator Template";
		};
/* End PBXContainerItemProxy section */

/* Begin PBXFileReference section */
		66F3EA4C277190C800DE2281 /* ViewCode Coordinator Template.app */ = {isa = PBXFileReference; explicitFileType = wrapper.application; includeInIndex = 0; path = "ViewCode Coordinator Template.app"; sourceTree = BUILT_PRODUCTS_DIR; };
		66F3EA4F277190C800DE2281 /* AppDelegate.swift */ = {isa = PBXFileReference; lastKnownFileType = sourcecode.swift; path = AppDelegate.swift; sourceTree = "<group>"; };
		66F3EA51277190C800DE2281 /* SceneDelegate.swift */ = {isa = PBXFileReference; lastKnownFileType = sourcecode.swift; path = SceneDelegate.swift; sourceTree = "<group>"; };
		66F3EA53277190C800DE2281 /* ViewController.swift */ = {isa = PBXFileReference; lastKnownFileType = sourcecode.swift; path = ViewController.swift; sourceTree = "<group>"; };
		66F3EA58277190CA00DE2281 /* Assets.xcassets */ = {isa = PBXFileReference; lastKnownFileType = folder.assetcatalog; path = Assets.xcassets; sourceTree = "<group>"; };
		66F3EA5B277190CA00DE2281 /* Base */ = {isa = PBXFileReference; lastKnownFileType = file.storyboard; name = Base; path = Base.lproj/LaunchScreen.storyboard; sourceTree = "<group>"; };
		66F3EA5D277190CA00DE2281 /* Info.plist */ = {isa = PBXFileReference; lastKnownFileType = text.plist.xml; path = Info.plist; sourceTree = "<group>"; };
		66F3EA62277190CA00DE2281 /* ViewCode Coordinator TemplateTests.xctest */ = {isa = PBXFileReference; explicitFileType = wrapper.cfbundle; includeInIndex = 0; path = "ViewCode Coordinator TemplateTests.xctest"; sourceTree = BUILT_PRODUCTS_DIR; };
		66F3EA66277190CA00DE2281 /* ViewCode_Coordinator_TemplateTests.swift */ = {isa = PBXFileReference; lastKnownFileType = sourcecode.swift; path = ViewCode_Coordinator_TemplateTests.swift; sourceTree = "<group>"; };
		66F3EA6C277190CB00DE2281 /* ViewCode Coordinator TemplateUITests.xctest */ = {isa = PBXFileReference; explicitFileType = wrapper.cfbundle; includeInIndex = 0; path = "ViewCode Coordinator TemplateUITests.xctest"; sourceTree = BUILT_PRODUCTS_DIR; };
		66F3EA70277190CB00DE2281 /* ViewCode_Coordinator_TemplateUITests.swift */ = {isa = PBXFileReference; lastKnownFileType = sourcecode.swift; path = ViewCode_Coordinator_TemplateUITests.swift; sourceTree = "<group>"; };
		66F3EA72277190CB00DE2281 /* ViewCode_Coordinator_TemplateUITestsLaunchTests.swift */ = {isa = PBXFileReference; lastKnownFileType = sourcecode.swift; path = ViewCode_Coordinator_TemplateUITestsLaunchTests.swift; sourceTree = "<group>"; };
		66F3EA7F277191AF00DE2281 /* Coordinator.swift */ = {isa = PBXFileReference; lastKnownFileType = sourcecode.swift; path = Coordinator.swift; sourceTree = "<group>"; };
/* End PBXFileReference section */

/* Begin PBXFrameworksBuildPhase section */
		66F3EA49277190C800DE2281 /* Frameworks */ = {
			isa = PBXFrameworksBuildPhase;
			buildActionMask = 2147483647;
			files = (
			);
			runOnlyForDeploymentPostprocessing = 0;
		};
		66F3EA5F277190CA00DE2281 /* Frameworks */ = {
			isa = PBXFrameworksBuildPhase;
			buildActionMask = 2147483647;
			files = (
			);
			runOnlyForDeploymentPostprocessing = 0;
		};
		66F3EA69277190CB00DE2281 /* Frameworks */ = {
			isa = PBXFrameworksBuildPhase;
			buildActionMask = 2147483647;
			files = (
			);
			runOnlyForDeploymentPostprocessing = 0;
		};
/* End PBXFrameworksBuildPhase section */

/* Begin PBXGroup section */
		66F3EA43277190C800DE2281 = {
			isa = PBXGroup;
			children = (
				66F3EA4E277190C800DE2281 /* ViewCode Coordinator Template */,
				66F3EA65277190CA00DE2281 /* ViewCode Coordinator TemplateTests */,
				66F3EA6F277190CB00DE2281 /* ViewCode Coordinator TemplateUITests */,
				66F3EA4D277190C800DE2281 /* Products */,
			);
			sourceTree = "<group>";
		};
		66F3EA4D277190C800DE2281 /* Products */ = {
			isa = PBXGroup;
			children = (
				66F3EA4C277190C800DE2281 /* ViewCode Coordinator Template.app */,
				66F3EA62277190CA00DE2281 /* ViewCode Coordinator TemplateTests.xctest */,
				66F3EA6C277190CB00DE2281 /* ViewCode Coordinator TemplateUITests.xctest */,
			);
			name = Products;
			sourceTree = "<group>";
		};
		66F3EA4E277190C800DE2281 /* ViewCode Coordinator Template */ = {
			isa = PBXGroup;
			children = (
				66F3EA4F277190C800DE2281 /* AppDelegate.swift */,
				66F3EA51277190C800DE2281 /* SceneDelegate.swift */,
				66F3EA53277190C800DE2281 /* ViewController.swift */,
				66F3EA7F277191AF00DE2281 /* Coordinator.swift */,
				66F3EA58277190CA00DE2281 /* Assets.xcassets */,
				66F3EA5A277190CA00DE2281 /* LaunchScreen.storyboard */,
				66F3EA5D277190CA00DE2281 /* Info.plist */,
			);
			path = "ViewCode Coordinator Template";
			sourceTree = "<group>";
		};
		66F3EA65277190CA00DE2281 /* ViewCode Coordinator TemplateTests */ = {
			isa = PBXGroup;
			children = (
				66F3EA66277190CA00DE2281 /* ViewCode_Coordinator_TemplateTests.swift */,
			);
			path = "ViewCode Coordinator TemplateTests";
			sourceTree = "<group>";
		};
		66F3EA6F277190CB00DE2281 /* ViewCode Coordinator TemplateUITests */ = {
			isa = PBXGroup;
			children = (
				66F3EA70277190CB00DE2281 /* ViewCode_Coordinator_TemplateUITests.swift */,
				66F3EA72277190CB00DE2281 /* ViewCode_Coordinator_TemplateUITestsLaunchTests.swift */,
			);
			path = "ViewCode Coordinator TemplateUITests";
			sourceTree = "<group>";
		};
/* End PBXGroup section */

/* Begin PBXNativeTarget section */
		66F3EA4B277190C800DE2281 /* ViewCode Coordinator Template */ = {
			isa = PBXNativeTarget;
			buildConfigurationList = 66F3EA76277190CB00DE2281 /* Build configuration list for PBXNativeTarget "ViewCode Coordinator Template" */;
			buildPhases = (
				66F3EA48277190C800DE2281 /* Sources */,
				66F3EA49277190C800DE2281 /* Frameworks */,
				66F3EA4A277190C800DE2281 /* Resources */,
			);
			buildRules = (
			);
			dependencies = (
			);
			name = "ViewCode Coordinator Template";
			productName = "ViewCode Coordinator Template";
			productReference = 66F3EA4C277190C800DE2281 /* ViewCode Coordinator Template.app */;
			productType = "com.apple.product-type.application";
		};
		66F3EA61277190CA00DE2281 /* ViewCode Coordinator TemplateTests */ = {
			isa = PBXNativeTarget;
			buildConfigurationList = 66F3EA79277190CB00DE2281 /* Build configuration list for PBXNativeTarget "ViewCode Coordinator TemplateTests" */;
			buildPhases = (
				66F3EA5E277190CA00DE2281 /* Sources */,
				66F3EA5F277190CA00DE2281 /* Frameworks */,
				66F3EA60277190CA00DE2281 /* Resources */,
			);
			buildRules = (
			);
			dependencies = (
				66F3EA64277190CA00DE2281 /* PBXTargetDependency */,
			);
			name = "ViewCode Coordinator TemplateTests";
			productName = "ViewCode Coordinator TemplateTests";
			productReference = 66F3EA62277190CA00DE2281 /* ViewCode Coordinator TemplateTests.xctest */;
			productType = "com.apple.product-type.bundle.unit-test";
		};
		66F3EA6B277190CB00DE2281 /* ViewCode Coordinator TemplateUITests */ = {
			isa = PBXNativeTarget;
			buildConfigurationList = 66F3EA7C277190CB00DE2281 /* Build configuration list for PBXNativeTarget "ViewCode Coordinator TemplateUITests" */;
			buildPhases = (
				66F3EA68277190CB00DE2281 /* Sources */,
				66F3EA69277190CB00DE2281 /* Frameworks */,
				66F3EA6A277190CB00DE2281 /* Resources */,
			);
			buildRules = (
			);
			dependencies = (
				66F3EA6E277190CB00DE2281 /* PBXTargetDependency */,
			);
			name = "ViewCode Coordinator TemplateUITests";
			productName = "ViewCode Coordinator TemplateUITests";
			productReference = 66F3EA6C277190CB00DE2281 /* ViewCode Coordinator TemplateUITests.xctest */;
			productType = "com.apple.product-type.bundle.ui-testing";
		};
/* End PBXNativeTarget section */

/* Begin PBXProject section */
		66F3EA44277190C800DE2281 /* Project object */ = {
			isa = PBXProject;
			attributes = {
				BuildIndependentTargetsInParallel = 1;
				LastSwiftUpdateCheck = 1310;
				LastUpgradeCheck = 1310;
				TargetAttributes = {
					66F3EA4B277190C800DE2281 = {
						CreatedOnToolsVersion = 13.1;
					};
					66F3EA61277190CA00DE2281 = {
						CreatedOnToolsVersion = 13.1;
						TestTargetID = 66F3EA4B277190C800DE2281;
					};
					66F3EA6B277190CB00DE2281 = {
						CreatedOnToolsVersion = 13.1;
						TestTargetID = 66F3EA4B277190C800DE2281;
					};
				};
			};
			buildConfigurationList = 66F3EA47277190C800DE2281 /* Build configuration list for PBXProject "ViewCode Coordinator Template" */;
			compatibilityVersion = "Xcode 13.0";
			developmentRegion = en;
			hasScannedForEncodings = 0;
			knownRegions = (
				en,
				Base,
			);
			mainGroup = 66F3EA43277190C800DE2281;
			productRefGroup = 66F3EA4D277190C800DE2281 /* Products */;
			projectDirPath = "";
			projectRoot = "";
			targets = (
				66F3EA4B277190C800DE2281 /* ViewCode Coordinator Template */,
				66F3EA61277190CA00DE2281 /* ViewCode Coordinator TemplateTests */,
				66F3EA6B277190CB00DE2281 /* ViewCode Coordinator TemplateUITests */,
			);
		};
/* End PBXProject section */

/* Begin PBXResourcesBuildPhase section */
		66F3EA4A277190C800DE2281 /* Resources */ = {
			isa = PBXResourcesBuildPhase;
			buildActionMask = 2147483647;
			files = (
				66F3EA5C277190CA00DE2281 /* LaunchScreen.storyboard in Resources */,
				66F3EA59277190CA00DE2281 /* Assets.xcassets in Resources */,
			);
			runOnlyForDeploymentPostprocessing = 0;
		};
		66F3EA60277190CA00DE2281 /* Resources */ = {
			isa = PBXResourcesBuildPhase;
			buildActionMask = 2147483647;
			files = (
			);
			runOnlyForDeploymentPostprocessing = 0;
		};
		66F3EA6A277190CB00DE2281 /* Resources */ = {
			isa = PBXResourcesBuildPhase;
			buildActionMask = 2147483647;
			files = (
			);
			runOnlyForDeploymentPostprocessing = 0;
		};
/* End PBXResourcesBuildPhase section */

/* Begin PBXSourcesBuildPhase section */
		66F3EA48277190C800DE2281 /* Sources */ = {
			isa = PBXSourcesBuildPhase;
			buildActionMask = 2147483647;
			files = (
				66F3EA80277191AF00DE2281 /* Coordinator.swift in Sources */,
				66F3EA54277190C800DE2281 /* ViewController.swift in Sources */,
				66F3EA50277190C800DE2281 /* AppDelegate.swift in Sources */,
				66F3EA52277190C800DE2281 /* SceneDelegate.swift in Sources */,
			);
			runOnlyForDeploymentPostprocessing = 0;
		};
		66F3EA5E277190CA00DE2281 /* Sources */ = {
			isa = PBXSourcesBuildPhase;
			buildActionMask = 2147483647;
			files = (
				66F3EA67277190CA00DE2281 /* ViewCode_Coordinator_TemplateTests.swift in Sources */,
			);
			runOnlyForDeploymentPostprocessing = 0;
		};
		66F3EA68277190CB00DE2281 /* Sources */ = {
			isa = PBXSourcesBuildPhase;
			buildActionMask = 2147483647;
			files = (
				66F3EA71277190CB00DE2281 /* ViewCode_Coordinator_TemplateUITests.swift in Sources */,
				66F3EA73277190CB00DE2281 /* ViewCode_Coordinator_TemplateUITestsLaunchTests.swift in Sources */,
			);
			runOnlyForDeploymentPostprocessing = 0;
		};
/* End PBXSourcesBuildPhase section */

/* Begin PBXTargetDependency section */
		66F3EA64277190CA00DE2281 /* PBXTargetDependency */ = {
			isa = PBXTargetDependency;
			target = 66F3EA4B277190C800DE2281 /* ViewCode Coordinator Template */;
			targetProxy = 66F3EA63277190CA00DE2281 /* PBXContainerItemProxy */;
		};
		66F3EA6E277190CB00DE2281 /* PBXTargetDependency */ = {
			isa = PBXTargetDependency;
			target = 66F3EA4B277190C800DE2281 /* ViewCode Coordinator Template */;
			targetProxy = 66F3EA6D277190CB00DE2281 /* PBXContainerItemProxy */;
		};
/* End PBXTargetDependency section */

/* Begin PBXVariantGroup section */
		66F3EA5A277190CA00DE2281 /* LaunchScreen.storyboard */ = {
			isa = PBXVariantGroup;
			children = (
				66F3EA5B277190CA00DE2281 /* Base */,
			);
			name = LaunchScreen.storyboard;
			sourceTree = "<group>";
		};
/* End PBXVariantGroup section */

/* Begin XCBuildConfiguration section */
		66F3EA74277190CB00DE2281 /* Debug */ = {
			isa = XCBuildConfiguration;
			buildSettings = {
				ALWAYS_SEARCH_USER_PATHS = NO;
				CLANG_ANALYZER_NONNULL = YES;
				CLANG_ANALYZER_NUMBER_OBJECT_CONVERSION = YES_AGGRESSIVE;
				CLANG_CXX_LANGUAGE_STANDARD = "gnu++17";
				CLANG_CXX_LIBRARY = "libc++";
				CLANG_ENABLE_MODULES = YES;
				CLANG_ENABLE_OBJC_ARC = YES;
				CLANG_ENABLE_OBJC_WEAK = YES;
				CLANG_WARN_BLOCK_CAPTURE_AUTORELEASING = YES;
				CLANG_WARN_BOOL_CONVERSION = YES;
				CLANG_WARN_COMMA = YES;
				CLANG_WARN_CONSTANT_CONVERSION = YES;
				CLANG_WARN_DEPRECATED_OBJC_IMPLEMENTATIONS = YES;
				CLANG_WARN_DIRECT_OBJC_ISA_USAGE = YES_ERROR;
				CLANG_WARN_DOCUMENTATION_COMMENTS = YES;
				CLANG_WARN_EMPTY_BODY = YES;
				CLANG_WARN_ENUM_CONVERSION = YES;
				CLANG_WARN_INFINITE_RECURSION = YES;
				CLANG_WARN_INT_CONVERSION = YES;
				CLANG_WARN_NON_LITERAL_NULL_CONVERSION = YES;
				CLANG_WARN_OBJC_IMPLICIT_RETAIN_SELF = YES;
				CLANG_WARN_OBJC_LITERAL_CONVERSION = YES;
				CLANG_WARN_OBJC_ROOT_CLASS = YES_ERROR;
				CLANG_WARN_QUOTED_INCLUDE_IN_FRAMEWORK_HEADER = YES;
				CLANG_WARN_RANGE_LOOP_ANALYSIS = YES;
				CLANG_WARN_STRICT_PROTOTYPES = YES;
				CLANG_WARN_SUSPICIOUS_MOVE = YES;
				CLANG_WARN_UNGUARDED_AVAILABILITY = YES_AGGRESSIVE;
				CLANG_WARN_UNREACHABLE_CODE = YES;
				CLANG_WARN__DUPLICATE_METHOD_MATCH = YES;
				COPY_PHASE_STRIP = NO;
				DEBUG_INFORMATION_FORMAT = dwarf;
				ENABLE_STRICT_OBJC_MSGSEND = YES;
				ENABLE_TESTABILITY = YES;
				GCC_C_LANGUAGE_STANDARD = gnu11;
				GCC_DYNAMIC_NO_PIC = NO;
				GCC_NO_COMMON_BLOCKS = YES;
				GCC_OPTIMIZATION_LEVEL = 0;
				GCC_PREPROCESSOR_DEFINITIONS = (
					"DEBUG=1",
					"$(inherited)",
				);
				GCC_WARN_64_TO_32_BIT_CONVERSION = YES;
				GCC_WARN_ABOUT_RETURN_TYPE = YES_ERROR;
				GCC_WARN_UNDECLARED_SELECTOR = YES;
				GCC_WARN_UNINITIALIZED_AUTOS = YES_AGGRESSIVE;
				GCC_WARN_UNUSED_FUNCTION = YES;
				GCC_WARN_UNUSED_VARIABLE = YES;
				IPHONEOS_DEPLOYMENT_TARGET = 15.0;
				MTL_ENABLE_DEBUG_INFO = INCLUDE_SOURCE;
				MTL_FAST_MATH = YES;
				ONLY_ACTIVE_ARCH = YES;
				SDKROOT = iphoneos;
				SWIFT_ACTIVE_COMPILATION_CONDITIONS = DEBUG;
				SWIFT_OPTIMIZATION_LEVEL = "-Onone";
			};
			name = Debug;
		};
		66F3EA75277190CB00DE2281 /* Release */ = {
			isa = XCBuildConfiguration;
			buildSettings = {
				ALWAYS_SEARCH_USER_PATHS = NO;
				CLANG_ANALYZER_NONNULL = YES;
				CLANG_ANALYZER_NUMBER_OBJECT_CONVERSION = YES_AGGRESSIVE;
				CLANG_CXX_LANGUAGE_STANDARD = "gnu++17";
				CLANG_CXX_LIBRARY = "libc++";
				CLANG_ENABLE_MODULES = YES;
				CLANG_ENABLE_OBJC_ARC = YES;
				CLANG_ENABLE_OBJC_WEAK = YES;
				CLANG_WARN_BLOCK_CAPTURE_AUTORELEASING = YES;
				CLANG_WARN_BOOL_CONVERSION = YES;
				CLANG_WARN_COMMA = YES;
				CLANG_WARN_CONSTANT_CONVERSION = YES;
				CLANG_WARN_DEPRECATED_OBJC_IMPLEMENTATIONS = YES;
				CLANG_WARN_DIRECT_OBJC_ISA_USAGE = YES_ERROR;
				CLANG_WARN_DOCUMENTATION_COMMENTS = YES;
				CLANG_WARN_EMPTY_BODY = YES;
				CLANG_WARN_ENUM_CONVERSION = YES;
				CLANG_WARN_INFINITE_RECURSION = YES;
				CLANG_WARN_INT_CONVERSION = YES;
				CLANG_WARN_NON_LITERAL_NULL_CONVERSION = YES;
				CLANG_WARN_OBJC_IMPLICIT_RETAIN_SELF = YES;
				CLANG_WARN_OBJC_LITERAL_CONVERSION = YES;
				CLANG_WARN_OBJC_ROOT_CLASS = YES_ERROR;
				CLANG_WARN_QUOTED_INCLUDE_IN_FRAMEWORK_HEADER = YES;
				CLANG_WARN_RANGE_LOOP_ANALYSIS = YES;
				CLANG_WARN_STRICT_PROTOTYPES = YES;
				CLANG_WARN_SUSPICIOUS_MOVE = YES;
				CLANG_WARN_UNGUARDED_AVAILABILITY = YES_AGGRESSIVE;
				CLANG_WARN_UNREACHABLE_CODE = YES;
				CLANG_WARN__DUPLICATE_METHOD_MATCH = YES;
				COPY_PHASE_STRIP = NO;
				DEBUG_INFORMATION_FORMAT = "dwarf-with-dsym";
				ENABLE_NS_ASSERTIONS = NO;
				ENABLE_STRICT_OBJC_MSGSEND = YES;
				GCC_C_LANGUAGE_STANDARD = gnu11;
				GCC_NO_COMMON_BLOCKS = YES;
				GCC_WARN_64_TO_32_BIT_CONVERSION = YES;
				GCC_WARN_ABOUT_RETURN_TYPE = YES_ERROR;
				GCC_WARN_UNDECLARED_SELECTOR = YES;
				GCC_WARN_UNINITIALIZED_AUTOS = YES_AGGRESSIVE;
				GCC_WARN_UNUSED_FUNCTION = YES;
				GCC_WARN_UNUSED_VARIABLE = YES;
				IPHONEOS_DEPLOYMENT_TARGET = 15.0;
				MTL_ENABLE_DEBUG_INFO = NO;
				MTL_FAST_MATH = YES;
				SDKROOT = iphoneos;
				SWIFT_COMPILATION_MODE = wholemodule;
				SWIFT_OPTIMIZATION_LEVEL = "-O";
				VALIDATE_PRODUCT = YES;
			};
			name = Release;
		};
		66F3EA77277190CB00DE2281 /* Debug */ = {
			isa = XCBuildConfiguration;
			buildSettings = {
				ASSETCATALOG_COMPILER_APPICON_NAME = AppIcon;
				ASSETCATALOG_COMPILER_GLOBAL_ACCENT_COLOR_NAME = AccentColor;
				CODE_SIGN_STYLE = Automatic;
				CURRENT_PROJECT_VERSION = 1;
				DEVELOPMENT_TEAM = B3X64R59PK;
				GENERATE_INFOPLIST_FILE = YES;
				INFOPLIST_FILE = "ViewCode Coordinator Template/Info.plist";
				INFOPLIST_KEY_UIApplicationSupportsIndirectInputEvents = YES;
				INFOPLIST_KEY_UILaunchStoryboardName = LaunchScreen;
				INFOPLIST_KEY_UISupportedInterfaceOrientations_iPad = "UIInterfaceOrientationPortrait UIInterfaceOrientationPortraitUpsideDown UIInterfaceOrientationLandscapeLeft UIInterfaceOrientationLandscapeRight";
				INFOPLIST_KEY_UISupportedInterfaceOrientations_iPhone = "UIInterfaceOrientationPortrait UIInterfaceOrientationLandscapeLeft UIInterfaceOrientationLandscapeRight";
				LD_RUNPATH_SEARCH_PATHS = (
					"$(inherited)",
					"@executable_path/Frameworks",
				);
				MARKETING_VERSION = 1.0;
				PRODUCT_BUNDLE_IDENTIFIER = "me.sa.ViewCode-Coordinator-Template";
				PRODUCT_NAME = "$(TARGET_NAME)";
				SWIFT_EMIT_LOC_STRINGS = YES;
				SWIFT_VERSION = 5.0;
				TARGETED_DEVICE_FAMILY = "1,2";
			};
			name = Debug;
		};
		66F3EA78277190CB00DE2281 /* Release */ = {
			isa = XCBuildConfiguration;
			buildSettings = {
				ASSETCATALOG_COMPILER_APPICON_NAME = AppIcon;
				ASSETCATALOG_COMPILER_GLOBAL_ACCENT_COLOR_NAME = AccentColor;
				CODE_SIGN_STYLE = Automatic;
				CURRENT_PROJECT_VERSION = 1;
				DEVELOPMENT_TEAM = B3X64R59PK;
				GENERATE_INFOPLIST_FILE = YES;
				INFOPLIST_FILE = "ViewCode Coordinator Template/Info.plist";
				INFOPLIST_KEY_UIApplicationSupportsIndirectInputEvents = YES;
				INFOPLIST_KEY_UILaunchStoryboardName = LaunchScreen;
				INFOPLIST_KEY_UISupportedInterfaceOrientations_iPad = "UIInterfaceOrientationPortrait UIInterfaceOrientationPortraitUpsideDown UIInterfaceOrientationLandscapeLeft UIInterfaceOrientationLandscapeRight";
				INFOPLIST_KEY_UISupportedInterfaceOrientations_iPhone = "UIInterfaceOrientationPortrait UIInterfaceOrientationLandscapeLeft UIInterfaceOrientationLandscapeRight";
				LD_RUNPATH_SEARCH_PATHS = (
					"$(inherited)",
					"@executable_path/Frameworks",
				);
				MARKETING_VERSION = 1.0;
				PRODUCT_BUNDLE_IDENTIFIER = "me.sa.ViewCode-Coordinator-Template";
				PRODUCT_NAME = "$(TARGET_NAME)";
				SWIFT_EMIT_LOC_STRINGS = YES;
				SWIFT_VERSION = 5.0;
				TARGETED_DEVICE_FAMILY = "1,2";
			};
			name = Release;
		};
		66F3EA7A277190CB00DE2281 /* Debug */ = {
			isa = XCBuildConfiguration;
			buildSettings = {
				ALWAYS_EMBED_SWIFT_STANDARD_LIBRARIES = YES;
				BUNDLE_LOADER = "$(TEST_HOST)";
				CODE_SIGN_STYLE = Automatic;
				CURRENT_PROJECT_VERSION = 1;
				DEVELOPMENT_TEAM = B3X64R59PK;
				GENERATE_INFOPLIST_FILE = YES;
				IPHONEOS_DEPLOYMENT_TARGET = 15.0;
				LD_RUNPATH_SEARCH_PATHS = (
					"$(inherited)",
					"@executable_path/Frameworks",
					"@loader_path/Frameworks",
				);
				MARKETING_VERSION = 1.0;
				PRODUCT_BUNDLE_IDENTIFIER = "me.sa.ViewCode-Coordinator-TemplateTests";
				PRODUCT_NAME = "$(TARGET_NAME)";
				SWIFT_EMIT_LOC_STRINGS = NO;
				SWIFT_VERSION = 5.0;
				TARGETED_DEVICE_FAMILY = "1,2";
				TEST_HOST = "$(BUILT_PRODUCTS_DIR)/ViewCode Coordinator Template.app/ViewCode Coordinator Template";
			};
			name = Debug;
		};
		66F3EA7B277190CB00DE2281 /* Release */ = {
			isa = XCBuildConfiguration;
			buildSettings = {
				ALWAYS_EMBED_SWIFT_STANDARD_LIBRARIES = YES;
				BUNDLE_LOADER = "$(TEST_HOST)";
				CODE_SIGN_STYLE = Automatic;
				CURRENT_PROJECT_VERSION = 1;
				DEVELOPMENT_TEAM = B3X64R59PK;
				GENERATE_INFOPLIST_FILE = YES;
				IPHONEOS_DEPLOYMENT_TARGET = 15.0;
				LD_RUNPATH_SEARCH_PATHS = (
					"$(inherited)",
					"@executable_path/Frameworks",
					"@loader_path/Frameworks",
				);
				MARKETING_VERSION = 1.0;
				PRODUCT_BUNDLE_IDENTIFIER = "me.sa.ViewCode-Coordinator-TemplateTests";
				PRODUCT_NAME = "$(TARGET_NAME)";
				SWIFT_EMIT_LOC_STRINGS = NO;
				SWIFT_VERSION = 5.0;
				TARGETED_DEVICE_FAMILY = "1,2";
				TEST_HOST = "$(BUILT_PRODUCTS_DIR)/ViewCode Coordinator Template.app/ViewCode Coordinator Template";
			};
			name = Release;
		};
		66F3EA7D277190CB00DE2281 /* Debug */ = {
			isa = XCBuildConfiguration;
			buildSettings = {
				ALWAYS_EMBED_SWIFT_STANDARD_LIBRARIES = YES;
				CODE_SIGN_STYLE = Automatic;
				CURRENT_PROJECT_VERSION = 1;
				DEVELOPMENT_TEAM = B3X64R59PK;
				GENERATE_INFOPLIST_FILE = YES;
				LD_RUNPATH_SEARCH_PATHS = (
					"$(inherited)",
					"@executable_path/Frameworks",
					"@loader_path/Frameworks",
				);
				MARKETING_VERSION = 1.0;
				PRODUCT_BUNDLE_IDENTIFIER = "me.sa.ViewCode-Coordinator-TemplateUITests";
				PRODUCT_NAME = "$(TARGET_NAME)";
				SWIFT_EMIT_LOC_STRINGS = NO;
				SWIFT_VERSION = 5.0;
				TARGETED_DEVICE_FAMILY = "1,2";
				TEST_TARGET_NAME = "ViewCode Coordinator Template";
			};
			name = Debug;
		};
		66F3EA7E277190CB00DE2281 /* Release */ = {
			isa = XCBuildConfiguration;
			buildSettings = {
				ALWAYS_EMBED_SWIFT_STANDARD_LIBRARIES = YES;
				CODE_SIGN_STYLE = Automatic;
				CURRENT_PROJECT_VERSION = 1;
				DEVELOPMENT_TEAM = B3X64R59PK;
				GENERATE_INFOPLIST_FILE = YES;
				LD_RUNPATH_SEARCH_PATHS = (
					"$(inherited)",
					"@executable_path/Frameworks",
					"@loader_path/Frameworks",
				);
				MARKETING_VERSION = 1.0;
				PRODUCT_BUNDLE_IDENTIFIER = "me.sa.ViewCode-Coordinator-TemplateUITests";
				PRODUCT_NAME = "$(TARGET_NAME)";
				SWIFT_EMIT_LOC_STRINGS = NO;
				SWIFT_VERSION = 5.0;
				TARGETED_DEVICE_FAMILY = "1,2";
				TEST_TARGET_NAME = "ViewCode Coordinator Template";
			};
			name = Release;
		};
/* End XCBuildConfiguration section */

/* Begin XCConfigurationList section */
		66F3EA47277190C800DE2281 /* Build configuration list for PBXProject "ViewCode Coordinator Template" */ = {
			isa = XCConfigurationList;
			buildConfigurations = (
				66F3EA74277190CB00DE2281 /* Debug */,
				66F3EA75277190CB00DE2281 /* Release */,
			);
			defaultConfigurationIsVisible = 0;
			defaultConfigurationName = Release;
		};
		66F3EA76277190CB00DE2281 /* Build configuration list for PBXNativeTarget "ViewCode Coordinator Template" */ = {
			isa = XCConfigurationList;
			buildConfigurations = (
				66F3EA77277190CB00DE2281 /* Debug */,
				66F3EA78277190CB00DE2281 /* Release */,
			);
			defaultConfigurationIsVisible = 0;
			defaultConfigurationName = Release;
		};
		66F3EA79277190CB00DE2281 /* Build configuration list for PBXNativeTarget "ViewCode Coordinator TemplateTests" */ = {
			isa = XCConfigurationList;
			buildConfigurations = (
				66F3EA7A277190CB00DE2281 /* Debug */,
				66F3EA7B277190CB00DE2281 /* Release */,
			);
			defaultConfigurationIsVisible = 0;
			defaultConfigurationName = Release;
		};
		66F3EA7C277190CB00DE2281 /* Build configuration list for PBXNativeTarget "ViewCode Coordinator TemplateUITests" */ = {
			isa = XCConfigurationList;
			buildConfigurations = (
				66F3EA7D277190CB00DE2281 /* Debug */,
				66F3EA7E277190CB00DE2281 /* Release */,
			);
			defaultConfigurationIsVisible = 0;
			defaultConfigurationName = Release;
		};
/* End XCConfigurationList section */
	};
	rootObject = 66F3EA44277190C800DE2281 /* Project object */;
}
